
Microsoft Visual Studio Solution File, Format Version 12.00
# Visual Studio Version 17
VisualStudioVersion = 17.11.35312.102
MinimumVisualStudioVersion = 10.0.40219.1
Project("{FAE04EC0-301F-11D3-BF4B-00C04F79EFBC}") = "sav", "sav\sav.csproj", "{25B38A38-0D28-46DC-9D97-94A2AF7B02EF}"
EndProject
Global
	GlobalSection(SolutionConfigurationPlatforms) = preSolution
		Debug|Any CPU = Debug|Any CPU
		Release|Any CPU = Release|Any CPU
	EndGlobalSection
	GlobalSection(ProjectConfigurationPlatforms) = postSolution
		{25B38A38-0D28-46DC-9D97-94A2AF7B02EF}.Debug|Any CPU.ActiveCfg = Debug|Any CPU
		{25B38A38-0D28-46DC-9D97-94A2AF7B02EF}.Debug|Any CPU.Build.0 = Debug|Any CPU
		{25B38A38-0D28-46DC-9D97-94A2AF7B02EF}.Release|Any CPU.ActiveCfg = Release|Any CPU
		{25B38A38-0D28-46DC-9D97-94A2AF7B02EF}.Release|Any CPU.Build.0 = Release|Any CPU
	EndGlobalSection
	GlobalSection(SolutionProperties) = preSolution
		HideSolutionNode = FALSE
	EndGlobalSection
	GlobalSection(ExtensibilityGlobals) = postSolution
		SolutionGuid = {D0CA1F22-6330-41C5-944B-48DB6C871476}
	EndGlobalSection
EndGlobal
